
Microsoft Visual Studio Solution File, Format Version 12.00
# Visual Studio 15
VisualStudioVersion = 15.0.28307.902
MinimumVisualStudioVersion = 10.0.40219.1
Project("{FAE04EC0-301F-11D3-BF4B-00C04F79EFBC}") = "PatternFactory-CriandoConexaoComDb", "PatternFactory-CriandoConexaoComDb\PatternFactory-CriandoConexaoComDb.csproj", "{4707601E-1BB0-4A6D-A0A0-AB89B1A7D52B}"
EndProject
Project("{FAE04EC0-301F-11D3-BF4B-00C04F79EFBC}") = "PatternFlyweight-MuitoObjetos", "PatternFlyweight-MuitoObjetos\PatternFlyweight-MuitoObjetos.csproj", "{AE953A33-4744-446D-84BE-F6B6CB008C97}"
EndProject
Project("{FAE04EC0-301F-11D3-BF4B-00C04F79EFBC}") = "PatternMemento-EstadosAnterioresContrato", "PatternMemento-EstadosAnterioresContrato\PatternMemento-EstadosAnterioresContrato.csproj", "{C06CD5C5-568F-4CF1-A471-1824AB8A2808}"
EndProject
Project("{FAE04EC0-301F-11D3-BF4B-00C04F79EFBC}") = "PatternInterpreter-ResolvendoExpressoes", "PatternInterpreter-ResolvendoExpressoes\PatternInterpreter-ResolvendoExpressoes.csproj", "{41AEC814-6B42-4E9A-81F5-DF42492E3FDC}"
EndProject
Global
	GlobalSection(SolutionConfigurationPlatforms) = preSolution
		Debug|Any CPU = Debug|Any CPU
		Release|Any CPU = Release|Any CPU
	EndGlobalSection
	GlobalSection(ProjectConfigurationPlatforms) = postSolution
		{4707601E-1BB0-4A6D-A0A0-AB89B1A7D52B}.Debug|Any CPU.ActiveCfg = Debug|Any CPU
		{4707601E-1BB0-4A6D-A0A0-AB89B1A7D52B}.Debug|Any CPU.Build.0 = Debug|Any CPU
		{4707601E-1BB0-4A6D-A0A0-AB89B1A7D52B}.Release|Any CPU.ActiveCfg = Release|Any CPU
		{4707601E-1BB0-4A6D-A0A0-AB89B1A7D52B}.Release|Any CPU.Build.0 = Release|Any CPU
		{AE953A33-4744-446D-84BE-F6B6CB008C97}.Debug|Any CPU.ActiveCfg = Debug|Any CPU
		{AE953A33-4744-446D-84BE-F6B6CB008C97}.Debug|Any CPU.Build.0 = Debug|Any CPU
		{AE953A33-4744-446D-84BE-F6B6CB008C97}.Release|Any CPU.ActiveCfg = Release|Any CPU
		{AE953A33-4744-446D-84BE-F6B6CB008C97}.Release|Any CPU.Build.0 = Release|Any CPU
		{C06CD5C5-568F-4CF1-A471-1824AB8A2808}.Debug|Any CPU.ActiveCfg = Debug|Any CPU
		{C06CD5C5-568F-4CF1-A471-1824AB8A2808}.Debug|Any CPU.Build.0 = Debug|Any CPU
		{C06CD5C5-568F-4CF1-A471-1824AB8A2808}.Release|Any CPU.ActiveCfg = Release|Any CPU
		{C06CD5C5-568F-4CF1-A471-1824AB8A2808}.Release|Any CPU.Build.0 = Release|Any CPU
		{41AEC814-6B42-4E9A-81F5-DF42492E3FDC}.Debug|Any CPU.ActiveCfg = Debug|Any CPU
		{41AEC814-6B42-4E9A-81F5-DF42492E3FDC}.Debug|Any CPU.Build.0 = Debug|Any CPU
		{41AEC814-6B42-4E9A-81F5-DF42492E3FDC}.Release|Any CPU.ActiveCfg = Release|Any CPU
		{41AEC814-6B42-4E9A-81F5-DF42492E3FDC}.Release|Any CPU.Build.0 = Release|Any CPU
	EndGlobalSection
	GlobalSection(SolutionProperties) = preSolution
		HideSolutionNode = FALSE
	EndGlobalSection
	GlobalSection(ExtensibilityGlobals) = postSolution
		SolutionGuid = {79647083-80A2-496F-800D-D6188A66149C}
	EndGlobalSection
EndGlobal
