
Microsoft Visual Studio Solution File, Format Version 12.00
# Visual Studio Version 16
VisualStudioVersion = 16.0.29519.87
MinimumVisualStudioVersion = 10.0.40219.1
Project("{FAE04EC0-301F-11D3-BF4B-00C04F79EFBC}") = "PatternFactory-CriandoConexaoComDb", "PatternFactory-CriandoConexaoComDb\PatternFactory-CriandoConexaoComDb.csproj", "{4707601E-1BB0-4A6D-A0A0-AB89B1A7D52B}"
EndProject
Project("{FAE04EC0-301F-11D3-BF4B-00C04F79EFBC}") = "PatternFlyweight-MuitoObjetos", "PatternFlyweight-MuitoObjetos\PatternFlyweight-MuitoObjetos.csproj", "{AE953A33-4744-446D-84BE-F6B6CB008C97}"
EndProject
Project("{FAE04EC0-301F-11D3-BF4B-00C04F79EFBC}") = "PatternMemento-EstadosAnterioresContrato", "PatternMemento-EstadosAnterioresContrato\PatternMemento-EstadosAnterioresContrato.csproj", "{C06CD5C5-568F-4CF1-A471-1824AB8A2808}"
EndProject
Project("{FAE04EC0-301F-11D3-BF4B-00C04F79EFBC}") = "PatternInterpreter-ResolvendoExpressoes", "PatternInterpreter-ResolvendoExpressoes\PatternInterpreter-ResolvendoExpressoes.csproj", "{41AEC814-6B42-4E9A-81F5-DF42492E3FDC}"
EndProject
Project("{FAE04EC0-301F-11D3-BF4B-00C04F79EFBC}") = "PatternVisitor-NavegandoNosNosDoInterpreter", "PatternVisitor-NavegandoNosNosDoInterpreter\PatternVisitor-NavegandoNosNosDoInterpreter.csproj", "{15F7E646-5C08-46D3-ACCE-B24C635F38F8}"
EndProject
Project("{FAE04EC0-301F-11D3-BF4B-00C04F79EFBC}") = "PatternBridge-EnvioDeMensagens", "PatternBridge-EnvioDeMensagens\PatternBridge-EnvioDeMensagens.csproj", "{E7536C80-F79B-4F52-8875-4E2FF2040D6F}"
EndProject
Project("{FAE04EC0-301F-11D3-BF4B-00C04F79EFBC}") = "PatternCommand-DiferentesAcoes", "PatternCommand-DiferentesAcoes\PatternCommand-DiferentesAcoes.csproj", "{33A4A06C-C86F-4AA2-8430-F0C740FA405A}"
EndProject
Project("{FAE04EC0-301F-11D3-BF4B-00C04F79EFBC}") = "PatternAdapter-UtilizandoRecursosLegados", "PatternAdapter-UtilizandoRecursosLegados\PatternAdapter-UtilizandoRecursosLegados.csproj", "{70C22446-3217-4991-A650-015189CE00BC}"
EndProject
Global
	GlobalSection(SolutionConfigurationPlatforms) = preSolution
		Debug|Any CPU = Debug|Any CPU
		Release|Any CPU = Release|Any CPU
	EndGlobalSection
	GlobalSection(ProjectConfigurationPlatforms) = postSolution
		{4707601E-1BB0-4A6D-A0A0-AB89B1A7D52B}.Debug|Any CPU.ActiveCfg = Debug|Any CPU
		{4707601E-1BB0-4A6D-A0A0-AB89B1A7D52B}.Debug|Any CPU.Build.0 = Debug|Any CPU
		{4707601E-1BB0-4A6D-A0A0-AB89B1A7D52B}.Release|Any CPU.ActiveCfg = Release|Any CPU
		{4707601E-1BB0-4A6D-A0A0-AB89B1A7D52B}.Release|Any CPU.Build.0 = Release|Any CPU
		{AE953A33-4744-446D-84BE-F6B6CB008C97}.Debug|Any CPU.ActiveCfg = Debug|Any CPU
		{AE953A33-4744-446D-84BE-F6B6CB008C97}.Debug|Any CPU.Build.0 = Debug|Any CPU
		{AE953A33-4744-446D-84BE-F6B6CB008C97}.Release|Any CPU.ActiveCfg = Release|Any CPU
		{AE953A33-4744-446D-84BE-F6B6CB008C97}.Release|Any CPU.Build.0 = Release|Any CPU
		{C06CD5C5-568F-4CF1-A471-1824AB8A2808}.Debug|Any CPU.ActiveCfg = Debug|Any CPU
		{C06CD5C5-568F-4CF1-A471-1824AB8A2808}.Debug|Any CPU.Build.0 = Debug|Any CPU
		{C06CD5C5-568F-4CF1-A471-1824AB8A2808}.Release|Any CPU.ActiveCfg = Release|Any CPU
		{C06CD5C5-568F-4CF1-A471-1824AB8A2808}.Release|Any CPU.Build.0 = Release|Any CPU
		{41AEC814-6B42-4E9A-81F5-DF42492E3FDC}.Debug|Any CPU.ActiveCfg = Debug|Any CPU
		{41AEC814-6B42-4E9A-81F5-DF42492E3FDC}.Debug|Any CPU.Build.0 = Debug|Any CPU
		{41AEC814-6B42-4E9A-81F5-DF42492E3FDC}.Release|Any CPU.ActiveCfg = Release|Any CPU
		{41AEC814-6B42-4E9A-81F5-DF42492E3FDC}.Release|Any CPU.Build.0 = Release|Any CPU
		{15F7E646-5C08-46D3-ACCE-B24C635F38F8}.Debug|Any CPU.ActiveCfg = Debug|Any CPU
		{15F7E646-5C08-46D3-ACCE-B24C635F38F8}.Debug|Any CPU.Build.0 = Debug|Any CPU
		{15F7E646-5C08-46D3-ACCE-B24C635F38F8}.Release|Any CPU.ActiveCfg = Release|Any CPU
		{15F7E646-5C08-46D3-ACCE-B24C635F38F8}.Release|Any CPU.Build.0 = Release|Any CPU
		{E7536C80-F79B-4F52-8875-4E2FF2040D6F}.Debug|Any CPU.ActiveCfg = Debug|Any CPU
		{E7536C80-F79B-4F52-8875-4E2FF2040D6F}.Debug|Any CPU.Build.0 = Debug|Any CPU
		{E7536C80-F79B-4F52-8875-4E2FF2040D6F}.Release|Any CPU.ActiveCfg = Release|Any CPU
		{E7536C80-F79B-4F52-8875-4E2FF2040D6F}.Release|Any CPU.Build.0 = Release|Any CPU
		{33A4A06C-C86F-4AA2-8430-F0C740FA405A}.Debug|Any CPU.ActiveCfg = Debug|Any CPU
		{33A4A06C-C86F-4AA2-8430-F0C740FA405A}.Debug|Any CPU.Build.0 = Debug|Any CPU
		{33A4A06C-C86F-4AA2-8430-F0C740FA405A}.Release|Any CPU.ActiveCfg = Release|Any CPU
		{33A4A06C-C86F-4AA2-8430-F0C740FA405A}.Release|Any CPU.Build.0 = Release|Any CPU
		{70C22446-3217-4991-A650-015189CE00BC}.Debug|Any CPU.ActiveCfg = Debug|Any CPU
		{70C22446-3217-4991-A650-015189CE00BC}.Debug|Any CPU.Build.0 = Debug|Any CPU
		{70C22446-3217-4991-A650-015189CE00BC}.Release|Any CPU.ActiveCfg = Release|Any CPU
		{70C22446-3217-4991-A650-015189CE00BC}.Release|Any CPU.Build.0 = Release|Any CPU
	EndGlobalSection
	GlobalSection(SolutionProperties) = preSolution
		HideSolutionNode = FALSE
	EndGlobalSection
	GlobalSection(ExtensibilityGlobals) = postSolution
		SolutionGuid = {79647083-80A2-496F-800D-D6188A66149C}
	EndGlobalSection
EndGlobal
