
Microsoft Visual Studio Solution File, Format Version 12.00
# Visual Studio Version 16
VisualStudioVersion = 16.0.29519.87
MinimumVisualStudioVersion = 10.0.40219.1
Project("{FAE04EC0-301F-11D3-BF4B-00C04F79EFBC}") = "PatternStrategy-MuitosImpostos", "PatternStrategy-MuitosImpostos\PatternStrategy-MuitosImpostos.csproj", "{649B2FF3-54F3-4C0C-AC22-4AA9BB30290A}"
EndProject
Project("{FAE04EC0-301F-11D3-BF4B-00C04F79EFBC}") = "PatternChainOfResponsibility-DescontosOrçamento", "PatternChainOfResponsibility-DescontosOrçamento\PatternChainOfResponsibility-DescontosOrçamento.csproj", "{1B73582F-4B37-4F09-94DF-5276DD803429}"
EndProject
Project("{FAE04EC0-301F-11D3-BF4B-00C04F79EFBC}") = "PatternTemplateMethod-OrçamentoImpostos", "PatternTemplateMethod-OrçamentoImpostos\PatternTemplateMethod-OrçamentoImpostos.csproj", "{E4A96CF3-1E3C-4D4B-9937-095FE1EAF13C}"
EndProject
Project("{FAE04EC0-301F-11D3-BF4B-00C04F79EFBC}") = "PatternDecorator-ImpostosCompostos", "PatternDecorator-ImpostosCompostos\PatternDecorator-ImpostosCompostos.csproj", "{F6547846-5F0D-4200-9259-D148ED865818}"
EndProject
Project("{FAE04EC0-301F-11D3-BF4B-00C04F79EFBC}") = "PatternBuilder-GeradorDeNotaFiscal", "PatternBuilder-GeradorDeNotaFiscal\PatternBuilder-GeradorDeNotaFiscal.csproj", "{CF758EF5-5B79-495E-AA53-B7A0AC55BF8C}"
EndProject
Global
	GlobalSection(SolutionConfigurationPlatforms) = preSolution
		Debug|Any CPU = Debug|Any CPU
		Release|Any CPU = Release|Any CPU
	EndGlobalSection
	GlobalSection(ProjectConfigurationPlatforms) = postSolution
		{649B2FF3-54F3-4C0C-AC22-4AA9BB30290A}.Debug|Any CPU.ActiveCfg = Debug|Any CPU
		{649B2FF3-54F3-4C0C-AC22-4AA9BB30290A}.Debug|Any CPU.Build.0 = Debug|Any CPU
		{649B2FF3-54F3-4C0C-AC22-4AA9BB30290A}.Release|Any CPU.ActiveCfg = Release|Any CPU
		{649B2FF3-54F3-4C0C-AC22-4AA9BB30290A}.Release|Any CPU.Build.0 = Release|Any CPU
		{1B73582F-4B37-4F09-94DF-5276DD803429}.Debug|Any CPU.ActiveCfg = Debug|Any CPU
		{1B73582F-4B37-4F09-94DF-5276DD803429}.Debug|Any CPU.Build.0 = Debug|Any CPU
		{1B73582F-4B37-4F09-94DF-5276DD803429}.Release|Any CPU.ActiveCfg = Release|Any CPU
		{1B73582F-4B37-4F09-94DF-5276DD803429}.Release|Any CPU.Build.0 = Release|Any CPU
		{E4A96CF3-1E3C-4D4B-9937-095FE1EAF13C}.Debug|Any CPU.ActiveCfg = Debug|Any CPU
		{E4A96CF3-1E3C-4D4B-9937-095FE1EAF13C}.Debug|Any CPU.Build.0 = Debug|Any CPU
		{E4A96CF3-1E3C-4D4B-9937-095FE1EAF13C}.Release|Any CPU.ActiveCfg = Release|Any CPU
		{E4A96CF3-1E3C-4D4B-9937-095FE1EAF13C}.Release|Any CPU.Build.0 = Release|Any CPU
		{F6547846-5F0D-4200-9259-D148ED865818}.Debug|Any CPU.ActiveCfg = Debug|Any CPU
		{F6547846-5F0D-4200-9259-D148ED865818}.Debug|Any CPU.Build.0 = Debug|Any CPU
		{F6547846-5F0D-4200-9259-D148ED865818}.Release|Any CPU.ActiveCfg = Release|Any CPU
		{F6547846-5F0D-4200-9259-D148ED865818}.Release|Any CPU.Build.0 = Release|Any CPU
		{CF758EF5-5B79-495E-AA53-B7A0AC55BF8C}.Debug|Any CPU.ActiveCfg = Debug|Any CPU
		{CF758EF5-5B79-495E-AA53-B7A0AC55BF8C}.Debug|Any CPU.Build.0 = Debug|Any CPU
		{CF758EF5-5B79-495E-AA53-B7A0AC55BF8C}.Release|Any CPU.ActiveCfg = Release|Any CPU
		{CF758EF5-5B79-495E-AA53-B7A0AC55BF8C}.Release|Any CPU.Build.0 = Release|Any CPU
	EndGlobalSection
	GlobalSection(SolutionProperties) = preSolution
		HideSolutionNode = FALSE
	EndGlobalSection
	GlobalSection(ExtensibilityGlobals) = postSolution
		SolutionGuid = {3690CF94-3854-41F6-AFB7-DE210957C48E}
	EndGlobalSection
EndGlobal
